
Microsoft Visual Studio Solution File, Format Version 12.00
# Visual Studio Version 16
VisualStudioVersion = 16.0.31005.135
MinimumVisualStudioVersion = 10.0.40219.1
Project("{FAE04EC0-301F-11D3-BF4B-00C04F79EFBC}") = "PromoEngineTestApp", "PromoEngineTestApp\PromoEngineTestApp.csproj", "{8ACD633F-C263-4659-B1E0-3EFAEA4FDBE2}"
EndProject
Global
	GlobalSection(SolutionConfigurationPlatforms) = preSolution
		Debug|Any CPU = Debug|Any CPU
		Release|Any CPU = Release|Any CPU
	EndGlobalSection
	GlobalSection(ProjectConfigurationPlatforms) = postSolution
		{8ACD633F-C263-4659-B1E0-3EFAEA4FDBE2}.Debug|Any CPU.ActiveCfg = Debug|Any CPU
		{8ACD633F-C263-4659-B1E0-3EFAEA4FDBE2}.Debug|Any CPU.Build.0 = Debug|Any CPU
		{8ACD633F-C263-4659-B1E0-3EFAEA4FDBE2}.Release|Any CPU.ActiveCfg = Release|Any CPU
		{8ACD633F-C263-4659-B1E0-3EFAEA4FDBE2}.Release|Any CPU.Build.0 = Release|Any CPU
	EndGlobalSection
	GlobalSection(SolutionProperties) = preSolution
		HideSolutionNode = FALSE
	EndGlobalSection
	GlobalSection(ExtensibilityGlobals) = postSolution
		SolutionGuid = {19233268-0EDA-4A38-8AF5-4A09084A92E5}
	EndGlobalSection
EndGlobal
